{
  "nodes": {
    "nixpkgs": {
      "locked": {
        "lastModified": 1609729087,
        "narHash": "sha256-oa65V3Yp6phz4G10Q9mwUyL+asYDgERI15xnhibzn/g=",
        "owner": "NixOS",
        "repo": "nixpkgs",
        "rev": "9bf170109d73e9c5bd2451c1291848bb01dd78eb",
        "type": "github"
      },
      "original": {
        "id": "nixpkgs",
        "type": "indirect"
      }
    },
    "root": {
      "inputs": {
        "nixpkgs": "nixpkgs",
        "utils": "utils"
      }
    },
    "utils": {
      "locked": {
        "lastModified": 1609246779,
        "narHash": "sha256-eq6ZXE/VWo3EMC65jmIT6H/rrUc9UWOWVujkzav025k=",
        "owner": "numtide",
        "repo": "flake-utils",
        "rev": "08c7ad4a0844adc4a7f9f5bb3beae482e789afa4",
        "type": "github"
      },
      "original": {
        "owner": "numtide",
        "repo": "flake-utils",
        "type": "github"
      }
    }
  },
  "root": "root",
  "version": 7
}
